
Microsoft Visual Studio Solution File, Format Version 12.00
# Visual Studio 15
VisualStudioVersion = 15.0.27130.2024
MinimumVisualStudioVersion = 10.0.40219.1
Project("{FAE04EC0-301F-11D3-BF4B-00C04F79EFBC}") = "ChatRoomCore", "ChatRoomCore\ChatRoomCore.csproj", "{2EA21F34-7524-4679-8EFB-5CD697CEC8F4}"
EndProject
Project("{E24C65DC-7377-472B-9ABA-BC803B73C61A}") = "ChartRoomWeb", "ChartRoomWeb\", "{D33E8790-3314-4AC1-AAB4-B9A4D9E9A4EE}"
	ProjectSection(WebsiteProperties) = preProject
		TargetFrameworkMoniker = ".NETFramework,Version%3Dv4.6.1"
		Debug.AspNetCompiler.VirtualPath = "/localhost_52002"
		Debug.AspNetCompiler.PhysicalPath = "ChartRoomWeb\"
		Debug.AspNetCompiler.TargetPath = "PrecompiledWeb\localhost_52002\"
		Debug.AspNetCompiler.Updateable = "true"
		Debug.AspNetCompiler.ForceOverwrite = "true"
		Debug.AspNetCompiler.FixedNames = "false"
		Debug.AspNetCompiler.Debug = "True"
		Release.AspNetCompiler.VirtualPath = "/localhost_52002"
		Release.AspNetCompiler.PhysicalPath = "ChartRoomWeb\"
		Release.AspNetCompiler.TargetPath = "PrecompiledWeb\localhost_52002\"
		Release.AspNetCompiler.Updateable = "true"
		Release.AspNetCompiler.ForceOverwrite = "true"
		Release.AspNetCompiler.FixedNames = "false"
		Release.AspNetCompiler.Debug = "False"
		VWDPort = "52002"
		SlnRelativePath = "ChartRoomWeb\"
		DefaultWebSiteLanguage = "Visual C#"
	EndProjectSection
EndProject
Global
	GlobalSection(SolutionConfigurationPlatforms) = preSolution
		Debug|Any CPU = Debug|Any CPU
		Release|Any CPU = Release|Any CPU
	EndGlobalSection
	GlobalSection(ProjectConfigurationPlatforms) = postSolution
		{2EA21F34-7524-4679-8EFB-5CD697CEC8F4}.Debug|Any CPU.ActiveCfg = Debug|Any CPU
		{2EA21F34-7524-4679-8EFB-5CD697CEC8F4}.Debug|Any CPU.Build.0 = Debug|Any CPU
		{2EA21F34-7524-4679-8EFB-5CD697CEC8F4}.Release|Any CPU.ActiveCfg = Release|Any CPU
		{2EA21F34-7524-4679-8EFB-5CD697CEC8F4}.Release|Any CPU.Build.0 = Release|Any CPU
		{D33E8790-3314-4AC1-AAB4-B9A4D9E9A4EE}.Debug|Any CPU.ActiveCfg = Debug|Any CPU
		{D33E8790-3314-4AC1-AAB4-B9A4D9E9A4EE}.Debug|Any CPU.Build.0 = Debug|Any CPU
		{D33E8790-3314-4AC1-AAB4-B9A4D9E9A4EE}.Release|Any CPU.ActiveCfg = Debug|Any CPU
		{D33E8790-3314-4AC1-AAB4-B9A4D9E9A4EE}.Release|Any CPU.Build.0 = Debug|Any CPU
	EndGlobalSection
	GlobalSection(SolutionProperties) = preSolution
		HideSolutionNode = FALSE
	EndGlobalSection
	GlobalSection(ExtensibilityGlobals) = postSolution
		SolutionGuid = {E4ECECFB-ABF6-45D6-B1CD-D81681C20B0A}
	EndGlobalSection
EndGlobal
